
Microsoft Visual Studio Solution File, Format Version 12.00
# Visual Studio 15
VisualStudioVersion = 15.0.28307.438
MinimumVisualStudioVersion = 10.0.40219.1
Project("{FAE04EC0-301F-11D3-BF4B-00C04F79EFBC}") = "WindowsFormsProject01", "WindowsFormsProject01\WindowsFormsProject01.csproj", "{708AF7F7-3136-4B17-B44D-2C784D64E6E6}"
EndProject
Project("{FAE04EC0-301F-11D3-BF4B-00C04F79EFBC}") = "WindowsFormsProject02", "WindowsFormsProject02\WindowsFormsProject02.csproj", "{C4DB0906-B4DC-476A-8C5C-6B0D3E394EA3}"
EndProject
Project("{FAE04EC0-301F-11D3-BF4B-00C04F79EFBC}") = "WindowsFormsProject03", "WindowsFormsProject03\WindowsFormsProject03.csproj", "{1F0FA621-0B42-44C1-9165-05D1245F74BB}"
EndProject
Project("{FAE04EC0-301F-11D3-BF4B-00C04F79EFBC}") = "WindowsFormsProject04", "WindowsFormsProject04\WindowsFormsProject04.csproj", "{CD998F56-72C9-47D8-BD89-A128BA22A228}"
EndProject
Global
	GlobalSection(SolutionConfigurationPlatforms) = preSolution
		Debug|Any CPU = Debug|Any CPU
		Release|Any CPU = Release|Any CPU
	EndGlobalSection
	GlobalSection(ProjectConfigurationPlatforms) = postSolution
		{708AF7F7-3136-4B17-B44D-2C784D64E6E6}.Debug|Any CPU.ActiveCfg = Debug|Any CPU
		{708AF7F7-3136-4B17-B44D-2C784D64E6E6}.Debug|Any CPU.Build.0 = Debug|Any CPU
		{708AF7F7-3136-4B17-B44D-2C784D64E6E6}.Release|Any CPU.ActiveCfg = Release|Any CPU
		{708AF7F7-3136-4B17-B44D-2C784D64E6E6}.Release|Any CPU.Build.0 = Release|Any CPU
		{C4DB0906-B4DC-476A-8C5C-6B0D3E394EA3}.Debug|Any CPU.ActiveCfg = Debug|Any CPU
		{C4DB0906-B4DC-476A-8C5C-6B0D3E394EA3}.Debug|Any CPU.Build.0 = Debug|Any CPU
		{C4DB0906-B4DC-476A-8C5C-6B0D3E394EA3}.Release|Any CPU.ActiveCfg = Release|Any CPU
		{C4DB0906-B4DC-476A-8C5C-6B0D3E394EA3}.Release|Any CPU.Build.0 = Release|Any CPU
		{1F0FA621-0B42-44C1-9165-05D1245F74BB}.Debug|Any CPU.ActiveCfg = Debug|Any CPU
		{1F0FA621-0B42-44C1-9165-05D1245F74BB}.Debug|Any CPU.Build.0 = Debug|Any CPU
		{1F0FA621-0B42-44C1-9165-05D1245F74BB}.Release|Any CPU.ActiveCfg = Release|Any CPU
		{1F0FA621-0B42-44C1-9165-05D1245F74BB}.Release|Any CPU.Build.0 = Release|Any CPU
		{CD998F56-72C9-47D8-BD89-A128BA22A228}.Debug|Any CPU.ActiveCfg = Debug|Any CPU
		{CD998F56-72C9-47D8-BD89-A128BA22A228}.Debug|Any CPU.Build.0 = Debug|Any CPU
		{CD998F56-72C9-47D8-BD89-A128BA22A228}.Release|Any CPU.ActiveCfg = Release|Any CPU
		{CD998F56-72C9-47D8-BD89-A128BA22A228}.Release|Any CPU.Build.0 = Release|Any CPU
	EndGlobalSection
	GlobalSection(SolutionProperties) = preSolution
		HideSolutionNode = FALSE
	EndGlobalSection
	GlobalSection(ExtensibilityGlobals) = postSolution
		SolutionGuid = {9EE70C43-3F3D-45BF-B143-DF303F44C74A}
	EndGlobalSection
EndGlobal
